
Microsoft Visual Studio Solution File, Format Version 12.00
# Visual Studio Version 17
VisualStudioVersion = 17.14.36518.9
MinimumVisualStudioVersion = 10.0.40219.1
Project("{8BC9CEB8-8B4A-11D0-8D11-00A0C91BC942}") = "WinAPI", "WinAPI\WinAPI.vcxproj", "{98C33B8C-08D3-4158-AFE6-3324890BC891}"
EndProject
Project("{8BC9CEB8-8B4A-11D0-8D11-00A0C91BC942}") = "DialogBox", "DialogBox\DialogBox.vcxproj", "{EA1CF2C7-E87A-487E-AB47-3FD59BA72C02}"
EndProject
Project("{8BC9CEB8-8B4A-11D0-8D11-00A0C91BC942}") = "ComboBox", "ComboBox\ComboBox.vcxproj", "{E099BD0F-AB90-4996-83D7-AAF49F74FC59}"
EndProject
Project("{8BC9CEB8-8B4A-11D0-8D11-00A0C91BC942}") = "MainWindow", "MainWindow\MainWindow.vcxproj", "{5889EDB7-A395-4845-BC7C-01EB19EA2CA3}"
EndProject
Project("{8BC9CEB8-8B4A-11D0-8D11-00A0C91BC942}") = "ListBox", "ListBox\ListBox.vcxproj", "{19BFDEA3-2E59-4278-8DE0-38BD3B75DDF9}"
EndProject
Project("{8BC9CEB8-8B4A-11D0-8D11-00A0C91BC942}") = "CalcHW", "CalcHW\CalcHW.vcxproj", "{C2EE698B-F813-4BC0-9116-D7C8589FAD3A}"
EndProject
Global
	GlobalSection(SolutionConfigurationPlatforms) = preSolution
		Debug|x64 = Debug|x64
		Debug|x86 = Debug|x86
		Release|x64 = Release|x64
		Release|x86 = Release|x86
	EndGlobalSection
	GlobalSection(ProjectConfigurationPlatforms) = postSolution
		{98C33B8C-08D3-4158-AFE6-3324890BC891}.Debug|x64.ActiveCfg = Debug|x64
		{98C33B8C-08D3-4158-AFE6-3324890BC891}.Debug|x64.Build.0 = Debug|x64
		{98C33B8C-08D3-4158-AFE6-3324890BC891}.Debug|x86.ActiveCfg = Debug|Win32
		{98C33B8C-08D3-4158-AFE6-3324890BC891}.Debug|x86.Build.0 = Debug|Win32
		{98C33B8C-08D3-4158-AFE6-3324890BC891}.Release|x64.ActiveCfg = Release|x64
		{98C33B8C-08D3-4158-AFE6-3324890BC891}.Release|x64.Build.0 = Release|x64
		{98C33B8C-08D3-4158-AFE6-3324890BC891}.Release|x86.ActiveCfg = Release|Win32
		{98C33B8C-08D3-4158-AFE6-3324890BC891}.Release|x86.Build.0 = Release|Win32
		{EA1CF2C7-E87A-487E-AB47-3FD59BA72C02}.Debug|x64.ActiveCfg = Debug|x64
		{EA1CF2C7-E87A-487E-AB47-3FD59BA72C02}.Debug|x64.Build.0 = Debug|x64
		{EA1CF2C7-E87A-487E-AB47-3FD59BA72C02}.Debug|x86.ActiveCfg = Debug|Win32
		{EA1CF2C7-E87A-487E-AB47-3FD59BA72C02}.Debug|x86.Build.0 = Debug|Win32
		{EA1CF2C7-E87A-487E-AB47-3FD59BA72C02}.Release|x64.ActiveCfg = Release|x64
		{EA1CF2C7-E87A-487E-AB47-3FD59BA72C02}.Release|x64.Build.0 = Release|x64
		{EA1CF2C7-E87A-487E-AB47-3FD59BA72C02}.Release|x86.ActiveCfg = Release|Win32
		{EA1CF2C7-E87A-487E-AB47-3FD59BA72C02}.Release|x86.Build.0 = Release|Win32
		{E099BD0F-AB90-4996-83D7-AAF49F74FC59}.Debug|x64.ActiveCfg = Debug|x64
		{E099BD0F-AB90-4996-83D7-AAF49F74FC59}.Debug|x64.Build.0 = Debug|x64
		{E099BD0F-AB90-4996-83D7-AAF49F74FC59}.Debug|x86.ActiveCfg = Debug|Win32
		{E099BD0F-AB90-4996-83D7-AAF49F74FC59}.Debug|x86.Build.0 = Debug|Win32
		{E099BD0F-AB90-4996-83D7-AAF49F74FC59}.Release|x64.ActiveCfg = Release|x64
		{E099BD0F-AB90-4996-83D7-AAF49F74FC59}.Release|x64.Build.0 = Release|x64
		{E099BD0F-AB90-4996-83D7-AAF49F74FC59}.Release|x86.ActiveCfg = Release|Win32
		{E099BD0F-AB90-4996-83D7-AAF49F74FC59}.Release|x86.Build.0 = Release|Win32
		{5889EDB7-A395-4845-BC7C-01EB19EA2CA3}.Debug|x64.ActiveCfg = Debug|x64
		{5889EDB7-A395-4845-BC7C-01EB19EA2CA3}.Debug|x64.Build.0 = Debug|x64
		{5889EDB7-A395-4845-BC7C-01EB19EA2CA3}.Debug|x86.ActiveCfg = Debug|Win32
		{5889EDB7-A395-4845-BC7C-01EB19EA2CA3}.Debug|x86.Build.0 = Debug|Win32
		{5889EDB7-A395-4845-BC7C-01EB19EA2CA3}.Release|x64.ActiveCfg = Release|x64
		{5889EDB7-A395-4845-BC7C-01EB19EA2CA3}.Release|x64.Build.0 = Release|x64
		{5889EDB7-A395-4845-BC7C-01EB19EA2CA3}.Release|x86.ActiveCfg = Release|Win32
		{5889EDB7-A395-4845-BC7C-01EB19EA2CA3}.Release|x86.Build.0 = Release|Win32
		{19BFDEA3-2E59-4278-8DE0-38BD3B75DDF9}.Debug|x64.ActiveCfg = Debug|x64
		{19BFDEA3-2E59-4278-8DE0-38BD3B75DDF9}.Debug|x64.Build.0 = Debug|x64
		{19BFDEA3-2E59-4278-8DE0-38BD3B75DDF9}.Debug|x86.ActiveCfg = Debug|Win32
		{19BFDEA3-2E59-4278-8DE0-38BD3B75DDF9}.Debug|x86.Build.0 = Debug|Win32
		{19BFDEA3-2E59-4278-8DE0-38BD3B75DDF9}.Release|x64.ActiveCfg = Release|x64
		{19BFDEA3-2E59-4278-8DE0-38BD3B75DDF9}.Release|x64.Build.0 = Release|x64
		{19BFDEA3-2E59-4278-8DE0-38BD3B75DDF9}.Release|x86.ActiveCfg = Release|Win32
		{19BFDEA3-2E59-4278-8DE0-38BD3B75DDF9}.Release|x86.Build.0 = Release|Win32
		{C2EE698B-F813-4BC0-9116-D7C8589FAD3A}.Debug|x64.ActiveCfg = Debug|x64
		{C2EE698B-F813-4BC0-9116-D7C8589FAD3A}.Debug|x64.Build.0 = Debug|x64
		{C2EE698B-F813-4BC0-9116-D7C8589FAD3A}.Debug|x86.ActiveCfg = Debug|Win32
		{C2EE698B-F813-4BC0-9116-D7C8589FAD3A}.Debug|x86.Build.0 = Debug|Win32
		{C2EE698B-F813-4BC0-9116-D7C8589FAD3A}.Release|x64.ActiveCfg = Release|x64
		{C2EE698B-F813-4BC0-9116-D7C8589FAD3A}.Release|x64.Build.0 = Release|x64
		{C2EE698B-F813-4BC0-9116-D7C8589FAD3A}.Release|x86.ActiveCfg = Release|Win32
		{C2EE698B-F813-4BC0-9116-D7C8589FAD3A}.Release|x86.Build.0 = Release|Win32
	EndGlobalSection
	GlobalSection(SolutionProperties) = preSolution
		HideSolutionNode = FALSE
	EndGlobalSection
	GlobalSection(ExtensibilityGlobals) = postSolution
		SolutionGuid = {517DF187-CAE2-4F8D-901C-9ACF71D116A1}
	EndGlobalSection
EndGlobal
